
Microsoft Visual Studio Solution File, Format Version 12.00
# Visual Studio Version 16
VisualStudioVersion = 16.0.29806.167
MinimumVisualStudioVersion = 10.0.40219.1
Project("{9A19103F-16F7-4668-BE54-9A1E7A4F7556}") = "C1tutorial", "C1tutorial.csproj", "{24BF2437-839C-4F17-B03A-90E1B9ABA2CB}"
EndProject
Project("{9A19103F-16F7-4668-BE54-9A1E7A4F7556}") = "1_osnovne_operacije", "..\1_osnovne_operacije\1_osnovne_operacije.csproj", "{29431C93-3FC6-4B69-91D4-20002FF01949}"
EndProject
Project("{9A19103F-16F7-4668-BE54-9A1E7A4F7556}") = "2_nizovi", "..\2_nizovi\2_nizovi.csproj", "{146139E2-B2C1-4C7D-917A-3D307E055703}"
EndProject
Project("{FAE04EC0-301F-11D3-BF4B-00C04F79EFBC}") = "3_klase", "..\3_klase\3_klase.csproj", "{033DF610-9F64-45A2-A96C-759451AFD5E5}"
EndProject
Global
	GlobalSection(SolutionConfigurationPlatforms) = preSolution
		Debug|Any CPU = Debug|Any CPU
		Release|Any CPU = Release|Any CPU
	EndGlobalSection
	GlobalSection(ProjectConfigurationPlatforms) = postSolution
		{24BF2437-839C-4F17-B03A-90E1B9ABA2CB}.Debug|Any CPU.ActiveCfg = Debug|Any CPU
		{24BF2437-839C-4F17-B03A-90E1B9ABA2CB}.Debug|Any CPU.Build.0 = Debug|Any CPU
		{24BF2437-839C-4F17-B03A-90E1B9ABA2CB}.Release|Any CPU.ActiveCfg = Release|Any CPU
		{24BF2437-839C-4F17-B03A-90E1B9ABA2CB}.Release|Any CPU.Build.0 = Release|Any CPU
		{29431C93-3FC6-4B69-91D4-20002FF01949}.Debug|Any CPU.ActiveCfg = Debug|Any CPU
		{29431C93-3FC6-4B69-91D4-20002FF01949}.Debug|Any CPU.Build.0 = Debug|Any CPU
		{29431C93-3FC6-4B69-91D4-20002FF01949}.Release|Any CPU.ActiveCfg = Release|Any CPU
		{29431C93-3FC6-4B69-91D4-20002FF01949}.Release|Any CPU.Build.0 = Release|Any CPU
		{146139E2-B2C1-4C7D-917A-3D307E055703}.Debug|Any CPU.ActiveCfg = Debug|Any CPU
		{146139E2-B2C1-4C7D-917A-3D307E055703}.Debug|Any CPU.Build.0 = Debug|Any CPU
		{146139E2-B2C1-4C7D-917A-3D307E055703}.Release|Any CPU.ActiveCfg = Release|Any CPU
		{146139E2-B2C1-4C7D-917A-3D307E055703}.Release|Any CPU.Build.0 = Release|Any CPU
		{033DF610-9F64-45A2-A96C-759451AFD5E5}.Debug|Any CPU.ActiveCfg = Debug|Any CPU
		{033DF610-9F64-45A2-A96C-759451AFD5E5}.Debug|Any CPU.Build.0 = Debug|Any CPU
		{033DF610-9F64-45A2-A96C-759451AFD5E5}.Release|Any CPU.ActiveCfg = Release|Any CPU
		{033DF610-9F64-45A2-A96C-759451AFD5E5}.Release|Any CPU.Build.0 = Release|Any CPU
	EndGlobalSection
	GlobalSection(SolutionProperties) = preSolution
		HideSolutionNode = FALSE
	EndGlobalSection
	GlobalSection(ExtensibilityGlobals) = postSolution
		SolutionGuid = {B0D0D371-618F-4664-AB10-75A8AE4E90E1}
	EndGlobalSection
EndGlobal
